
Microsoft Visual Studio Solution File, Format Version 12.00
# Visual Studio Version 17
VisualStudioVersion = 17.12.35707.178
MinimumVisualStudioVersion = 10.0.40219.1
Project("{FAE04EC0-301F-11D3-BF4B-00C04F79EFBC}") = "DependencyInjection.Interception", "DependencyInjection.Interception\DependencyInjection.Interception.csproj", "{4BD711BC-9D8B-415F-9C2F-155533F94FD0}"
EndProject
Project("{FAE04EC0-301F-11D3-BF4B-00C04F79EFBC}") = "DependencyInjection.ImplementationFactory", "DependencyInjection.ImplementationFactory\DependencyInjection.ImplementationFactory.csproj", "{152DA277-8994-4E80-8B0C-B230C30DDB07}"
EndProject
Project("{FAE04EC0-301F-11D3-BF4B-00C04F79EFBC}") = "DependencyInjection.WorkerBuilder", "WorkerBuilder\DependencyInjection.WorkerBuilder.csproj", "{E01AF03E-F709-43F0-95E1-F1B9B06D350E}"
EndProject
Project("{FAE04EC0-301F-11D3-BF4B-00C04F79EFBC}") = "DependencyInjection.Interfaces", "DependencyInjection.Interfaces\DependencyInjection.Interfaces.csproj", "{FCCB2857-3C4F-424C-B6E8-C1E1A1B61228}"
EndProject
Global
	GlobalSection(SolutionConfigurationPlatforms) = preSolution
		Debug|Any CPU = Debug|Any CPU
		Release|Any CPU = Release|Any CPU
	EndGlobalSection
	GlobalSection(ProjectConfigurationPlatforms) = postSolution
		{4BD711BC-9D8B-415F-9C2F-155533F94FD0}.Debug|Any CPU.ActiveCfg = Debug|Any CPU
		{4BD711BC-9D8B-415F-9C2F-155533F94FD0}.Debug|Any CPU.Build.0 = Debug|Any CPU
		{4BD711BC-9D8B-415F-9C2F-155533F94FD0}.Release|Any CPU.ActiveCfg = Release|Any CPU
		{4BD711BC-9D8B-415F-9C2F-155533F94FD0}.Release|Any CPU.Build.0 = Release|Any CPU
		{152DA277-8994-4E80-8B0C-B230C30DDB07}.Debug|Any CPU.ActiveCfg = Debug|Any CPU
		{152DA277-8994-4E80-8B0C-B230C30DDB07}.Debug|Any CPU.Build.0 = Debug|Any CPU
		{152DA277-8994-4E80-8B0C-B230C30DDB07}.Release|Any CPU.ActiveCfg = Release|Any CPU
		{152DA277-8994-4E80-8B0C-B230C30DDB07}.Release|Any CPU.Build.0 = Release|Any CPU
		{E01AF03E-F709-43F0-95E1-F1B9B06D350E}.Debug|Any CPU.ActiveCfg = Debug|Any CPU
		{E01AF03E-F709-43F0-95E1-F1B9B06D350E}.Debug|Any CPU.Build.0 = Debug|Any CPU
		{E01AF03E-F709-43F0-95E1-F1B9B06D350E}.Release|Any CPU.ActiveCfg = Release|Any CPU
		{E01AF03E-F709-43F0-95E1-F1B9B06D350E}.Release|Any CPU.Build.0 = Release|Any CPU
		{FCCB2857-3C4F-424C-B6E8-C1E1A1B61228}.Debug|Any CPU.ActiveCfg = Debug|Any CPU
		{FCCB2857-3C4F-424C-B6E8-C1E1A1B61228}.Debug|Any CPU.Build.0 = Debug|Any CPU
		{FCCB2857-3C4F-424C-B6E8-C1E1A1B61228}.Release|Any CPU.ActiveCfg = Release|Any CPU
		{FCCB2857-3C4F-424C-B6E8-C1E1A1B61228}.Release|Any CPU.Build.0 = Release|Any CPU
	EndGlobalSection
	GlobalSection(SolutionProperties) = preSolution
		HideSolutionNode = FALSE
	EndGlobalSection
EndGlobal
